
Microsoft Visual Studio Solution File, Format Version 12.00
# Visual Studio Version 16
VisualStudioVersion = 16.0.29613.14
MinimumVisualStudioVersion = 10.0.40219.1
Project("{FAE04EC0-301F-11D3-BF4B-00C04F79EFBC}") = "StomatoloskaOrdinacija.Web", "StomatoloskaOrdinacija.Web\StomatoloskaOrdinacija.Web.csproj", "{48528940-6B30-474C-9A8C-18FADC6B69C0}"
EndProject
Project("{FAE04EC0-301F-11D3-BF4B-00C04F79EFBC}") = "StomatoloskaOrdinacija.Data", "StomatoloskaOrdinacija.Data\StomatoloskaOrdinacija.Data.csproj", "{0F7E8F55-AEA7-4947-B187-AF41BD418311}"
EndProject
Global
	GlobalSection(SolutionConfigurationPlatforms) = preSolution
		Debug|Any CPU = Debug|Any CPU
		Release|Any CPU = Release|Any CPU
	EndGlobalSection
	GlobalSection(ProjectConfigurationPlatforms) = postSolution
		{48528940-6B30-474C-9A8C-18FADC6B69C0}.Debug|Any CPU.ActiveCfg = Debug|Any CPU
		{48528940-6B30-474C-9A8C-18FADC6B69C0}.Debug|Any CPU.Build.0 = Debug|Any CPU
		{48528940-6B30-474C-9A8C-18FADC6B69C0}.Release|Any CPU.ActiveCfg = Release|Any CPU
		{48528940-6B30-474C-9A8C-18FADC6B69C0}.Release|Any CPU.Build.0 = Release|Any CPU
		{0F7E8F55-AEA7-4947-B187-AF41BD418311}.Debug|Any CPU.ActiveCfg = Debug|Any CPU
		{0F7E8F55-AEA7-4947-B187-AF41BD418311}.Debug|Any CPU.Build.0 = Debug|Any CPU
		{0F7E8F55-AEA7-4947-B187-AF41BD418311}.Release|Any CPU.ActiveCfg = Release|Any CPU
		{0F7E8F55-AEA7-4947-B187-AF41BD418311}.Release|Any CPU.Build.0 = Release|Any CPU
	EndGlobalSection
	GlobalSection(SolutionProperties) = preSolution
		HideSolutionNode = FALSE
	EndGlobalSection
	GlobalSection(ExtensibilityGlobals) = postSolution
		SolutionGuid = {25DE075C-74C4-4B16-BE63-79EECB2401C1}
	EndGlobalSection
EndGlobal
